// !$*UTF8*$!
{
	archiveVersion = 1;
	classes = {
	};
	objectVersion = 51;
	objects = {

/* Begin PBXBuildFile section */
		7E041861238436BF00F36F87 /* testViewController.swift in Sources */ = {isa = PBXBuildFile; fileRef = 7E041860238436BF00F36F87 /* testViewController.swift */; };
		A0FA09D3095C9E8366328809 /* Pods_FamilyLocator.framework in Frameworks */ = {isa = PBXBuildFile; fileRef = 01A7E6A4B2B76C5AC1275298 /* Pods_FamilyLocator.framework */; };
		C91BC2D923824CC200988A95 /* MemberTableViewCell.swift in Sources */ = {isa = PBXBuildFile; fileRef = C91BC2D823824CC200988A95 /* MemberTableViewCell.swift */; };
		C9AEAD20237904750042E476 /* AppDelegate.swift in Sources */ = {isa = PBXBuildFile; fileRef = C9AEAD1F237904750042E476 /* AppDelegate.swift */; };
		C9AEAD22237904750042E476 /* LoginViewController.swift in Sources */ = {isa = PBXBuildFile; fileRef = C9AEAD21237904750042E476 /* LoginViewController.swift */; };
		C9AEAD25237904750042E476 /* Main.storyboard in Resources */ = {isa = PBXBuildFile; fileRef = C9AEAD23237904750042E476 /* Main.storyboard */; };
		C9AEAD27237904780042E476 /* Assets.xcassets in Resources */ = {isa = PBXBuildFile; fileRef = C9AEAD26237904780042E476 /* Assets.xcassets */; };
		C9AEAD2A237904780042E476 /* LaunchScreen.storyboard in Resources */ = {isa = PBXBuildFile; fileRef = C9AEAD28237904780042E476 /* LaunchScreen.storyboard */; };
		C9AEAD3223790CD30042E476 /* GoogleService-Info.plist in Resources */ = {isa = PBXBuildFile; fileRef = C9AEAD3123790CD30042E476 /* GoogleService-Info.plist */; };
		C9AED00423863954007FDFF3 /* FamilyOptionsViewController.swift in Sources */ = {isa = PBXBuildFile; fileRef = C9AED00323863954007FDFF3 /* FamilyOptionsViewController.swift */; };
		C9AED00623863FF2007FDFF3 /* FamilyOptionsTableViewCell.swift in Sources */ = {isa = PBXBuildFile; fileRef = C9AED00523863FF2007FDFF3 /* FamilyOptionsTableViewCell.swift */; };
		C9AED00C2386857B007FDFF3 /* stickyheaderxib.xib in Resources */ = {isa = PBXBuildFile; fileRef = C9AED00B2386857B007FDFF3 /* stickyheaderxib.xib */; };
		C9AED00E23868612007FDFF3 /* StickyHeaderXIB.swift in Sources */ = {isa = PBXBuildFile; fileRef = C9AED00D23868612007FDFF3 /* StickyHeaderXIB.swift */; };
		C9B13B63238504E400169223 /* ResizeImage.swift in Sources */ = {isa = PBXBuildFile; fileRef = C9B13B5D238504E400169223 /* ResizeImage.swift */; };
		C9B13B64238504E400169223 /* AuthTextField.swift in Sources */ = {isa = PBXBuildFile; fileRef = C9B13B5F238504E400169223 /* AuthTextField.swift */; };
		C9B13B65238504E400169223 /* AuthButton.swift in Sources */ = {isa = PBXBuildFile; fileRef = C9B13B60238504E400169223 /* AuthButton.swift */; };
		C9B13B66238504E400169223 /* CommonGreenColor.swift in Sources */ = {isa = PBXBuildFile; fileRef = C9B13B62238504E400169223 /* CommonGreenColor.swift */; };
		C9B13B792385082100169223 /* Map.storyboard in Resources */ = {isa = PBXBuildFile; fileRef = C9B13B762385082000169223 /* Map.storyboard */; };
		C9B13B7A2385082100169223 /* UserSelection.storyboard in Resources */ = {isa = PBXBuildFile; fileRef = C9B13B772385082100169223 /* UserSelection.storyboard */; };
		C9B13B7B2385082100169223 /* temporary.storyboard in Resources */ = {isa = PBXBuildFile; fileRef = C9B13B782385082100169223 /* temporary.storyboard */; };
		C9B13B7D238526E900169223 /* UserSelectionTableViewController.swift in Sources */ = {isa = PBXBuildFile; fileRef = C9B13B7C238526E900169223 /* UserSelectionTableViewController.swift */; };
		C9C3A84A2383C200003FFB03 /* HeaderXIB.swift in Sources */ = {isa = PBXBuildFile; fileRef = C9C3A8492383C200003FFB03 /* HeaderXIB.swift */; };
		C9C3A84C2383C22D003FFB03 /* headerxib.xib in Resources */ = {isa = PBXBuildFile; fileRef = C9C3A84B2383C22D003FFB03 /* headerxib.xib */; };
		C9C500A9237A4F4B00A13953 /* RegisterViewController.swift in Sources */ = {isa = PBXBuildFile; fileRef = C9C500A8237A4F4B00A13953 /* RegisterViewController.swift */; };
		C9C500AE237A627900A13953 /* MapViewController.swift in Sources */ = {isa = PBXBuildFile; fileRef = C9C500AD237A627900A13953 /* MapViewController.swift */; };
		C9CDA00D2387B14F0026C7EF /* BlurView.swift in Sources */ = {isa = PBXBuildFile; fileRef = C9CDA00C2387B14F0026C7EF /* BlurView.swift */; };
		C9CDA0112387DA130026C7EF /* MenuOptionsTableViewController.swift in Sources */ = {isa = PBXBuildFile; fileRef = C9CDA0102387DA130026C7EF /* MenuOptionsTableViewController.swift */; };
		C9CDA0142387DA9D0026C7EF /* MenuOptionsTableViewCell.swift in Sources */ = {isa = PBXBuildFile; fileRef = C9CDA0132387DA9D0026C7EF /* MenuOptionsTableViewCell.swift */; };
		C9DC24E0238B6EDA0062B915 /* InvitationCell.swift in Sources */ = {isa = PBXBuildFile; fileRef = C9DC24DE238B6EDA0062B915 /* InvitationCell.swift */; };
		C9DC24E1238B6EDA0062B915 /* NotificationCell.swift in Sources */ = {isa = PBXBuildFile; fileRef = C9DC24DF238B6EDA0062B915 /* NotificationCell.swift */; };
		C9DC24EC238B6F340062B915 /* KeyboardDismiss.swift in Sources */ = {isa = PBXBuildFile; fileRef = C9DC24EA238B6F340062B915 /* KeyboardDismiss.swift */; };
		C9DC24ED238B6F340062B915 /* ProgressHUD.swift in Sources */ = {isa = PBXBuildFile; fileRef = C9DC24EB238B6F340062B915 /* ProgressHUD.swift */; };
		C9DC24F0238B6F6C0062B915 /* MapInfo.xib in Resources */ = {isa = PBXBuildFile; fileRef = C9DC24EE238B6F6C0062B915 /* MapInfo.xib */; };
		C9DC24F1238B6F6C0062B915 /* MapInfo.swift in Sources */ = {isa = PBXBuildFile; fileRef = C9DC24EF238B6F6C0062B915 /* MapInfo.swift */; };
/* End PBXBuildFile section */

/* Begin PBXFileReference section */
		01A7E6A4B2B76C5AC1275298 /* Pods_FamilyLocator.framework */ = {isa = PBXFileReference; explicitFileType = wrapper.framework; includeInIndex = 0; path = Pods_FamilyLocator.framework; sourceTree = BUILT_PRODUCTS_DIR; };
		583034B3865313C5BEC1B031 /* Pods-FamilyLocator.release.xcconfig */ = {isa = PBXFileReference; includeInIndex = 1; lastKnownFileType = text.xcconfig; name = "Pods-FamilyLocator.release.xcconfig"; path = "Target Support Files/Pods-FamilyLocator/Pods-FamilyLocator.release.xcconfig"; sourceTree = "<group>"; };
		7E041860238436BF00F36F87 /* testViewController.swift */ = {isa = PBXFileReference; lastKnownFileType = sourcecode.swift; path = testViewController.swift; sourceTree = "<group>"; };
		C91BC2D823824CC200988A95 /* MemberTableViewCell.swift */ = {isa = PBXFileReference; lastKnownFileType = sourcecode.swift; path = MemberTableViewCell.swift; sourceTree = "<group>"; };
		C9AEAD1C237904750042E476 /* FamilyLocator.app */ = {isa = PBXFileReference; explicitFileType = wrapper.application; includeInIndex = 0; path = FamilyLocator.app; sourceTree = BUILT_PRODUCTS_DIR; };
		C9AEAD1F237904750042E476 /* AppDelegate.swift */ = {isa = PBXFileReference; lastKnownFileType = sourcecode.swift; path = AppDelegate.swift; sourceTree = "<group>"; };
		C9AEAD21237904750042E476 /* LoginViewController.swift */ = {isa = PBXFileReference; lastKnownFileType = sourcecode.swift; path = LoginViewController.swift; sourceTree = "<group>"; };
		C9AEAD24237904750042E476 /* Base */ = {isa = PBXFileReference; lastKnownFileType = file.storyboard; name = Base; path = Base.lproj/Main.storyboard; sourceTree = "<group>"; };
		C9AEAD26237904780042E476 /* Assets.xcassets */ = {isa = PBXFileReference; lastKnownFileType = folder.assetcatalog; path = Assets.xcassets; sourceTree = "<group>"; };
		C9AEAD29237904780042E476 /* Base */ = {isa = PBXFileReference; lastKnownFileType = file.storyboard; name = Base; path = Base.lproj/LaunchScreen.storyboard; sourceTree = "<group>"; };
		C9AEAD2B237904780042E476 /* Info.plist */ = {isa = PBXFileReference; lastKnownFileType = text.plist.xml; path = Info.plist; sourceTree = "<group>"; };
		C9AEAD3123790CD30042E476 /* GoogleService-Info.plist */ = {isa = PBXFileReference; fileEncoding = 4; lastKnownFileType = text.plist.xml; path = "GoogleService-Info.plist"; sourceTree = "<group>"; };
		C9AED00323863954007FDFF3 /* FamilyOptionsViewController.swift */ = {isa = PBXFileReference; lastKnownFileType = sourcecode.swift; path = FamilyOptionsViewController.swift; sourceTree = "<group>"; };
		C9AED00523863FF2007FDFF3 /* FamilyOptionsTableViewCell.swift */ = {isa = PBXFileReference; lastKnownFileType = sourcecode.swift; path = FamilyOptionsTableViewCell.swift; sourceTree = "<group>"; };
		C9AED00B2386857B007FDFF3 /* stickyheaderxib.xib */ = {isa = PBXFileReference; lastKnownFileType = file.xib; path = stickyheaderxib.xib; sourceTree = "<group>"; };
		C9AED00D23868612007FDFF3 /* StickyHeaderXIB.swift */ = {isa = PBXFileReference; lastKnownFileType = sourcecode.swift; path = StickyHeaderXIB.swift; sourceTree = "<group>"; };
		C9B13B5D238504E400169223 /* ResizeImage.swift */ = {isa = PBXFileReference; fileEncoding = 4; lastKnownFileType = sourcecode.swift; path = ResizeImage.swift; sourceTree = "<group>"; };
		C9B13B5F238504E400169223 /* AuthTextField.swift */ = {isa = PBXFileReference; fileEncoding = 4; lastKnownFileType = sourcecode.swift; path = AuthTextField.swift; sourceTree = "<group>"; };
		C9B13B60238504E400169223 /* AuthButton.swift */ = {isa = PBXFileReference; fileEncoding = 4; lastKnownFileType = sourcecode.swift; path = AuthButton.swift; sourceTree = "<group>"; };
		C9B13B62238504E400169223 /* CommonGreenColor.swift */ = {isa = PBXFileReference; fileEncoding = 4; lastKnownFileType = sourcecode.swift; path = CommonGreenColor.swift; sourceTree = "<group>"; };
		C9B13B762385082000169223 /* Map.storyboard */ = {isa = PBXFileReference; fileEncoding = 4; lastKnownFileType = file.storyboard; path = Map.storyboard; sourceTree = "<group>"; };
		C9B13B772385082100169223 /* UserSelection.storyboard */ = {isa = PBXFileReference; fileEncoding = 4; lastKnownFileType = file.storyboard; path = UserSelection.storyboard; sourceTree = "<group>"; };
		C9B13B782385082100169223 /* temporary.storyboard */ = {isa = PBXFileReference; fileEncoding = 4; lastKnownFileType = file.storyboard; path = temporary.storyboard; sourceTree = "<group>"; };
		C9B13B7C238526E900169223 /* UserSelectionTableViewController.swift */ = {isa = PBXFileReference; lastKnownFileType = sourcecode.swift; path = UserSelectionTableViewController.swift; sourceTree = "<group>"; };
		C9C3A8492383C200003FFB03 /* HeaderXIB.swift */ = {isa = PBXFileReference; lastKnownFileType = sourcecode.swift; path = HeaderXIB.swift; sourceTree = "<group>"; };
		C9C3A84B2383C22D003FFB03 /* headerxib.xib */ = {isa = PBXFileReference; lastKnownFileType = file.xib; path = headerxib.xib; sourceTree = "<group>"; };
		C9C500A8237A4F4B00A13953 /* RegisterViewController.swift */ = {isa = PBXFileReference; lastKnownFileType = sourcecode.swift; path = RegisterViewController.swift; sourceTree = "<group>"; };
		C9C500AD237A627900A13953 /* MapViewController.swift */ = {isa = PBXFileReference; lastKnownFileType = sourcecode.swift; path = MapViewController.swift; sourceTree = "<group>"; };
		C9C500B8237A85A900A13953 /* FamilyLocator.entitlements */ = {isa = PBXFileReference; lastKnownFileType = text.plist.entitlements; path = FamilyLocator.entitlements; sourceTree = "<group>"; };
		C9CDA00C2387B14F0026C7EF /* BlurView.swift */ = {isa = PBXFileReference; lastKnownFileType = sourcecode.swift; path = BlurView.swift; sourceTree = "<group>"; };
		C9CDA0102387DA130026C7EF /* MenuOptionsTableViewController.swift */ = {isa = PBXFileReference; lastKnownFileType = sourcecode.swift; path = MenuOptionsTableViewController.swift; sourceTree = "<group>"; };
		C9CDA0132387DA9D0026C7EF /* MenuOptionsTableViewCell.swift */ = {isa = PBXFileReference; lastKnownFileType = sourcecode.swift; path = MenuOptionsTableViewCell.swift; sourceTree = "<group>"; };
		C9DC24DE238B6EDA0062B915 /* InvitationCell.swift */ = {isa = PBXFileReference; fileEncoding = 4; lastKnownFileType = sourcecode.swift; path = InvitationCell.swift; sourceTree = "<group>"; };
		C9DC24DF238B6EDA0062B915 /* NotificationCell.swift */ = {isa = PBXFileReference; fileEncoding = 4; lastKnownFileType = sourcecode.swift; path = NotificationCell.swift; sourceTree = "<group>"; };
		C9DC24EA238B6F340062B915 /* KeyboardDismiss.swift */ = {isa = PBXFileReference; fileEncoding = 4; lastKnownFileType = sourcecode.swift; path = KeyboardDismiss.swift; sourceTree = "<group>"; };
		C9DC24EB238B6F340062B915 /* ProgressHUD.swift */ = {isa = PBXFileReference; fileEncoding = 4; lastKnownFileType = sourcecode.swift; path = ProgressHUD.swift; sourceTree = "<group>"; };
		C9DC24EE238B6F6C0062B915 /* MapInfo.xib */ = {isa = PBXFileReference; fileEncoding = 4; lastKnownFileType = file.xib; path = MapInfo.xib; sourceTree = "<group>"; };
		C9DC24EF238B6F6C0062B915 /* MapInfo.swift */ = {isa = PBXFileReference; fileEncoding = 4; lastKnownFileType = sourcecode.swift; path = MapInfo.swift; sourceTree = "<group>"; };
		E80AFA47A99BEC97F66B1B86 /* Pods-FamilyLocator.debug.xcconfig */ = {isa = PBXFileReference; includeInIndex = 1; lastKnownFileType = text.xcconfig; name = "Pods-FamilyLocator.debug.xcconfig"; path = "Target Support Files/Pods-FamilyLocator/Pods-FamilyLocator.debug.xcconfig"; sourceTree = "<group>"; };
/* End PBXFileReference section */

/* Begin PBXFrameworksBuildPhase section */
		C9AEAD19237904750042E476 /* Frameworks */ = {
			isa = PBXFrameworksBuildPhase;
			buildActionMask = 2147483647;
			files = (
				A0FA09D3095C9E8366328809 /* Pods_FamilyLocator.framework in Frameworks */,
			);
			runOnlyForDeploymentPostprocessing = 0;
		};
/* End PBXFrameworksBuildPhase section */

/* Begin PBXGroup section */
		AEB001A2B29D35B3EF802149 /* Pods */ = {
			isa = PBXGroup;
			children = (
				E80AFA47A99BEC97F66B1B86 /* Pods-FamilyLocator.debug.xcconfig */,
				583034B3865313C5BEC1B031 /* Pods-FamilyLocator.release.xcconfig */,
			);
			path = Pods;
			sourceTree = "<group>";
		};
		C9AEAD13237904750042E476 = {
			isa = PBXGroup;
			children = (
				C9AEAD1E237904750042E476 /* FamilyLocator */,
				C9AEAD1D237904750042E476 /* Products */,
				AEB001A2B29D35B3EF802149 /* Pods */,
				F98CB475A7A9869A391B68A2 /* Frameworks */,
			);
			sourceTree = "<group>";
		};
		C9AEAD1D237904750042E476 /* Products */ = {
			isa = PBXGroup;
			children = (
				C9AEAD1C237904750042E476 /* FamilyLocator.app */,
			);
			name = Products;
			sourceTree = "<group>";
		};
		C9AEAD1E237904750042E476 /* FamilyLocator */ = {
			isa = PBXGroup;
			children = (
				C9B13B5C238504E400169223 /* API */,
				C9C500B8237A85A900A13953 /* FamilyLocator.entitlements */,
				C9AEAD352379530F0042E476 /* Assets */,
				C9AEAD33237952E00042E476 /* Controllers */,
				C9AEAD34237952EA0042E476 /* Storyboards */,
				C9AEAD2B237904780042E476 /* Info.plist */,
				C9AEAD3123790CD30042E476 /* GoogleService-Info.plist */,
			);
			path = FamilyLocator;
			sourceTree = "<group>";
		};
		C9AEAD33237952E00042E476 /* Controllers */ = {
			isa = PBXGroup;
			children = (
				C9C3A83C23838F34003FFB03 /* UIViews */,
				C9C500BC237A8C6400A13953 /* supporting controllers */,
				C9AEAD21237904750042E476 /* LoginViewController.swift */,
				C9C500A8237A4F4B00A13953 /* RegisterViewController.swift */,
				C9C500AD237A627900A13953 /* MapViewController.swift */,
				7E041860238436BF00F36F87 /* testViewController.swift */,
				C9B13B7C238526E900169223 /* UserSelectionTableViewController.swift */,
			);
			path = Controllers;
			sourceTree = "<group>";
		};
		C9AEAD34237952EA0042E476 /* Storyboards */ = {
			isa = PBXGroup;
			children = (
				C9B13B782385082100169223 /* temporary.storyboard */,
				C9B13B762385082000169223 /* Map.storyboard */,
				C9B13B772385082100169223 /* UserSelection.storyboard */,
				C9AEAD23237904750042E476 /* Main.storyboard */,
				C9AEAD28237904780042E476 /* LaunchScreen.storyboard */,
			);
			path = Storyboards;
			sourceTree = "<group>";
		};
		C9AEAD352379530F0042E476 /* Assets */ = {
			isa = PBXGroup;
			children = (
				C9AEAD1F237904750042E476 /* AppDelegate.swift */,
				C9AEAD26237904780042E476 /* Assets.xcassets */,
			);
			path = Assets;
			sourceTree = "<group>";
		};
		C9B13B5C238504E400169223 /* API */ = {
			isa = PBXGroup;
			children = (
				C9DC24EA238B6F340062B915 /* KeyboardDismiss.swift */,
				C9DC24EB238B6F340062B915 /* ProgressHUD.swift */,
				C9B13B5D238504E400169223 /* ResizeImage.swift */,
				C9B13B5E238504E400169223 /* TextFields */,
				C9B13B61238504E400169223 /* Colors */,
				C9CDA00C2387B14F0026C7EF /* BlurView.swift */,
			);
			path = API;
			sourceTree = "<group>";
		};
		C9B13B5E238504E400169223 /* TextFields */ = {
			isa = PBXGroup;
			children = (
				C9B13B5F238504E400169223 /* AuthTextField.swift */,
				C9B13B60238504E400169223 /* AuthButton.swift */,
			);
			path = TextFields;
			sourceTree = "<group>";
		};
		C9B13B61238504E400169223 /* Colors */ = {
			isa = PBXGroup;
			children = (
				C9B13B62238504E400169223 /* CommonGreenColor.swift */,
			);
			path = Colors;
			sourceTree = "<group>";
		};
		C9C3A83C23838F34003FFB03 /* UIViews */ = {
			isa = PBXGroup;
			children = (
				C9C3A83D23838F3F003FFB03 /* xib */,
				C9C3A8492383C200003FFB03 /* HeaderXIB.swift */,
				C9AED00D23868612007FDFF3 /* StickyHeaderXIB.swift */,
				C9DC24EF238B6F6C0062B915 /* MapInfo.swift */,
			);
			path = UIViews;
			sourceTree = "<group>";
		};
		C9C3A83D23838F3F003FFB03 /* xib */ = {
			isa = PBXGroup;
			children = (
				C9DC24EE238B6F6C0062B915 /* MapInfo.xib */,
				C9C3A84B2383C22D003FFB03 /* headerxib.xib */,
				C9AED00B2386857B007FDFF3 /* stickyheaderxib.xib */,
			);
			path = xib;
			sourceTree = "<group>";
		};
		C9C500BC237A8C6400A13953 /* supporting controllers */ = {
			isa = PBXGroup;
			children = (
				C9CDA0122387DA810026C7EF /* cells */,
				C9AED00323863954007FDFF3 /* FamilyOptionsViewController.swift */,
				C9CDA0102387DA130026C7EF /* MenuOptionsTableViewController.swift */,
			);
			path = "supporting controllers";
			sourceTree = "<group>";
		};
		C9CDA0122387DA810026C7EF /* cells */ = {
			isa = PBXGroup;
			children = (
				C9DC24DE238B6EDA0062B915 /* InvitationCell.swift */,
				C9DC24DF238B6EDA0062B915 /* NotificationCell.swift */,
				C91BC2D823824CC200988A95 /* MemberTableViewCell.swift */,
				C9AED00523863FF2007FDFF3 /* FamilyOptionsTableViewCell.swift */,
				C9CDA0132387DA9D0026C7EF /* MenuOptionsTableViewCell.swift */,
			);
			path = cells;
			sourceTree = "<group>";
		};
		F98CB475A7A9869A391B68A2 /* Frameworks */ = {
			isa = PBXGroup;
			children = (
				01A7E6A4B2B76C5AC1275298 /* Pods_FamilyLocator.framework */,
			);
			name = Frameworks;
			sourceTree = "<group>";
		};
/* End PBXGroup section */

/* Begin PBXNativeTarget section */
		C9AEAD1B237904750042E476 /* FamilyLocator */ = {
			isa = PBXNativeTarget;
			buildConfigurationList = C9AEAD2E237904780042E476 /* Build configuration list for PBXNativeTarget "FamilyLocator" */;
			buildPhases = (
				C1E1195819AEAC1D1A2118C9 /* [CP] Check Pods Manifest.lock */,
				C9AEAD18237904750042E476 /* Sources */,
				C9AEAD19237904750042E476 /* Frameworks */,
				C9AEAD1A237904750042E476 /* Resources */,
				CFD5552EACBBE8F92F7102B3 /* [CP] Embed Pods Frameworks */,
				4AFA51997FF3CC4FA4C5CADF /* [CP] Copy Pods Resources */,
			);
			buildRules = (
			);
			dependencies = (
			);
			name = FamilyLocator;
			productName = FamilyLocator;
			productReference = C9AEAD1C237904750042E476 /* FamilyLocator.app */;
			productType = "com.apple.product-type.application";
		};
/* End PBXNativeTarget section */

/* Begin PBXProject section */
		C9AEAD14237904750042E476 /* Project object */ = {
			isa = PBXProject;
			attributes = {
				LastSwiftUpdateCheck = 1010;
				LastUpgradeCheck = 1010;
				ORGANIZATIONNAME = "Action Trainee";
				TargetAttributes = {
					C9AEAD1B237904750042E476 = {
						CreatedOnToolsVersion = 10.1;
						SystemCapabilities = {
							com.apple.Keychain = {
								enabled = 1;
							};
						};
					};
				};
			};
			buildConfigurationList = C9AEAD17237904750042E476 /* Build configuration list for PBXProject "FamilyLocator" */;
			compatibilityVersion = "Xcode 9.3";
			developmentRegion = en;
			hasScannedForEncodings = 0;
			knownRegions = (
				en,
				Base,
			);
			mainGroup = C9AEAD13237904750042E476;
			productRefGroup = C9AEAD1D237904750042E476 /* Products */;
			projectDirPath = "";
			projectRoot = "";
			targets = (
				C9AEAD1B237904750042E476 /* FamilyLocator */,
			);
		};
/* End PBXProject section */

/* Begin PBXResourcesBuildPhase section */
		C9AEAD1A237904750042E476 /* Resources */ = {
			isa = PBXResourcesBuildPhase;
			buildActionMask = 2147483647;
			files = (
				C9B13B7B2385082100169223 /* temporary.storyboard in Resources */,
				C9AEAD2A237904780042E476 /* LaunchScreen.storyboard in Resources */,
				C9B13B7A2385082100169223 /* UserSelection.storyboard in Resources */,
				C9AEAD3223790CD30042E476 /* GoogleService-Info.plist in Resources */,
				C9B13B792385082100169223 /* Map.storyboard in Resources */,
				C9C3A84C2383C22D003FFB03 /* headerxib.xib in Resources */,
				C9DC24F0238B6F6C0062B915 /* MapInfo.xib in Resources */,
				C9AEAD27237904780042E476 /* Assets.xcassets in Resources */,
				C9AED00C2386857B007FDFF3 /* stickyheaderxib.xib in Resources */,
				C9AEAD25237904750042E476 /* Main.storyboard in Resources */,
			);
			runOnlyForDeploymentPostprocessing = 0;
		};
/* End PBXResourcesBuildPhase section */

/* Begin PBXShellScriptBuildPhase section */
		4AFA51997FF3CC4FA4C5CADF /* [CP] Copy Pods Resources */ = {
			isa = PBXShellScriptBuildPhase;
			buildActionMask = 2147483647;
			files = (
			);
			inputFileListPaths = (
				"${PODS_ROOT}/Target Support Files/Pods-FamilyLocator/Pods-FamilyLocator-resources-${CONFIGURATION}-input-files.xcfilelist",
			);
			name = "[CP] Copy Pods Resources";
			outputFileListPaths = (
				"${PODS_ROOT}/Target Support Files/Pods-FamilyLocator/Pods-FamilyLocator-resources-${CONFIGURATION}-output-files.xcfilelist",
			);
			runOnlyForDeploymentPostprocessing = 0;
			shellPath = /bin/sh;
			shellScript = "\"${PODS_ROOT}/Target Support Files/Pods-FamilyLocator/Pods-FamilyLocator-resources.sh\"\n";
			showEnvVarsInLog = 0;
		};
		C1E1195819AEAC1D1A2118C9 /* [CP] Check Pods Manifest.lock */ = {
			isa = PBXShellScriptBuildPhase;
			buildActionMask = 2147483647;
			files = (
			);
			inputFileListPaths = (
			);
			inputPaths = (
				"${PODS_PODFILE_DIR_PATH}/Podfile.lock",
				"${PODS_ROOT}/Manifest.lock",
			);
			name = "[CP] Check Pods Manifest.lock";
			outputFileListPaths = (
			);
			outputPaths = (
				"$(DERIVED_FILE_DIR)/Pods-FamilyLocator-checkManifestLockResult.txt",
			);
			runOnlyForDeploymentPostprocessing = 0;
			shellPath = /bin/sh;
			shellScript = "diff \"${PODS_PODFILE_DIR_PATH}/Podfile.lock\" \"${PODS_ROOT}/Manifest.lock\" > /dev/null\nif [ $? != 0 ] ; then\n    # print error to STDERR\n    echo \"error: The sandbox is not in sync with the Podfile.lock. Run 'pod install' or update your CocoaPods installation.\" >&2\n    exit 1\nfi\n# This output is used by Xcode 'outputs' to avoid re-running this script phase.\necho \"SUCCESS\" > \"${SCRIPT_OUTPUT_FILE_0}\"\n";
			showEnvVarsInLog = 0;
		};
		CFD5552EACBBE8F92F7102B3 /* [CP] Embed Pods Frameworks */ = {
			isa = PBXShellScriptBuildPhase;
			buildActionMask = 2147483647;
			files = (
			);
			inputFileListPaths = (
				"${PODS_ROOT}/Target Support Files/Pods-FamilyLocator/Pods-FamilyLocator-frameworks-${CONFIGURATION}-input-files.xcfilelist",
			);
			name = "[CP] Embed Pods Frameworks";
			outputFileListPaths = (
				"${PODS_ROOT}/Target Support Files/Pods-FamilyLocator/Pods-FamilyLocator-frameworks-${CONFIGURATION}-output-files.xcfilelist",
			);
			runOnlyForDeploymentPostprocessing = 0;
			shellPath = /bin/sh;
			shellScript = "\"${PODS_ROOT}/Target Support Files/Pods-FamilyLocator/Pods-FamilyLocator-frameworks.sh\"\n";
			showEnvVarsInLog = 0;
		};
/* End PBXShellScriptBuildPhase section */

/* Begin PBXSourcesBuildPhase section */
		C9AEAD18237904750042E476 /* Sources */ = {
			isa = PBXSourcesBuildPhase;
			buildActionMask = 2147483647;
			files = (
				C9B13B65238504E400169223 /* AuthButton.swift in Sources */,
				C9C500A9237A4F4B00A13953 /* RegisterViewController.swift in Sources */,
				C9B13B66238504E400169223 /* CommonGreenColor.swift in Sources */,
				C9CDA0142387DA9D0026C7EF /* MenuOptionsTableViewCell.swift in Sources */,
				C9AEAD22237904750042E476 /* LoginViewController.swift in Sources */,
				7E041861238436BF00F36F87 /* testViewController.swift in Sources */,
				C91BC2D923824CC200988A95 /* MemberTableViewCell.swift in Sources */,
				C9DC24E0238B6EDA0062B915 /* InvitationCell.swift in Sources */,
				C9DC24E1238B6EDA0062B915 /* NotificationCell.swift in Sources */,
				C9CDA0112387DA130026C7EF /* MenuOptionsTableViewController.swift in Sources */,
				C9AED00623863FF2007FDFF3 /* FamilyOptionsTableViewCell.swift in Sources */,
				C9B13B7D238526E900169223 /* UserSelectionTableViewController.swift in Sources */,
				C9DC24EC238B6F340062B915 /* KeyboardDismiss.swift in Sources */,
				C9AED00423863954007FDFF3 /* FamilyOptionsViewController.swift in Sources */,
				C9CDA00D2387B14F0026C7EF /* BlurView.swift in Sources */,
				C9AED00E23868612007FDFF3 /* StickyHeaderXIB.swift in Sources */,
				C9DC24ED238B6F340062B915 /* ProgressHUD.swift in Sources */,
				C9DC24F1238B6F6C0062B915 /* MapInfo.swift in Sources */,
				C9C500AE237A627900A13953 /* MapViewController.swift in Sources */,
				C9AEAD20237904750042E476 /* AppDelegate.swift in Sources */,
				C9C3A84A2383C200003FFB03 /* HeaderXIB.swift in Sources */,
				C9B13B63238504E400169223 /* ResizeImage.swift in Sources */,
				C9B13B64238504E400169223 /* AuthTextField.swift in Sources */,
			);
			runOnlyForDeploymentPostprocessing = 0;
		};
/* End PBXSourcesBuildPhase section */

/* Begin PBXVariantGroup section */
		C9AEAD23237904750042E476 /* Main.storyboard */ = {
			isa = PBXVariantGroup;
			children = (
				C9AEAD24237904750042E476 /* Base */,
			);
			name = Main.storyboard;
			sourceTree = "<group>";
		};
		C9AEAD28237904780042E476 /* LaunchScreen.storyboard */ = {
			isa = PBXVariantGroup;
			children = (
				C9AEAD29237904780042E476 /* Base */,
			);
			name = LaunchScreen.storyboard;
			sourceTree = "<group>";
		};
/* End PBXVariantGroup section */

/* Begin XCBuildConfiguration section */
		C9AEAD2C237904780042E476 /* Debug */ = {
			isa = XCBuildConfiguration;
			buildSettings = {
				ALWAYS_SEARCH_USER_PATHS = NO;
				CLANG_ANALYZER_NONNULL = YES;
				CLANG_ANALYZER_NUMBER_OBJECT_CONVERSION = YES_AGGRESSIVE;
				CLANG_CXX_LANGUAGE_STANDARD = "gnu++14";
				CLANG_CXX_LIBRARY = "libc++";
				CLANG_ENABLE_MODULES = YES;
				CLANG_ENABLE_OBJC_ARC = YES;
				CLANG_ENABLE_OBJC_WEAK = YES;
				CLANG_WARN_BLOCK_CAPTURE_AUTORELEASING = YES;
				CLANG_WARN_BOOL_CONVERSION = YES;
				CLANG_WARN_COMMA = YES;
				CLANG_WARN_CONSTANT_CONVERSION = YES;
				CLANG_WARN_DEPRECATED_OBJC_IMPLEMENTATIONS = YES;
				CLANG_WARN_DIRECT_OBJC_ISA_USAGE = YES_ERROR;
				CLANG_WARN_DOCUMENTATION_COMMENTS = YES;
				CLANG_WARN_EMPTY_BODY = YES;
				CLANG_WARN_ENUM_CONVERSION = YES;
				CLANG_WARN_INFINITE_RECURSION = YES;
				CLANG_WARN_INT_CONVERSION = YES;
				CLANG_WARN_NON_LITERAL_NULL_CONVERSION = YES;
				CLANG_WARN_OBJC_IMPLICIT_RETAIN_SELF = YES;
				CLANG_WARN_OBJC_LITERAL_CONVERSION = YES;
				CLANG_WARN_OBJC_ROOT_CLASS = YES_ERROR;
				CLANG_WARN_RANGE_LOOP_ANALYSIS = YES;
				CLANG_WARN_STRICT_PROTOTYPES = YES;
				CLANG_WARN_SUSPICIOUS_MOVE = YES;
				CLANG_WARN_UNGUARDED_AVAILABILITY = YES_AGGRESSIVE;
				CLANG_WARN_UNREACHABLE_CODE = YES;
				CLANG_WARN__DUPLICATE_METHOD_MATCH = YES;
				CODE_SIGN_IDENTITY = "iPhone Developer";
				COPY_PHASE_STRIP = NO;
				DEBUG_INFORMATION_FORMAT = dwarf;
				ENABLE_STRICT_OBJC_MSGSEND = YES;
				ENABLE_TESTABILITY = YES;
				GCC_C_LANGUAGE_STANDARD = gnu11;
				GCC_DYNAMIC_NO_PIC = NO;
				GCC_NO_COMMON_BLOCKS = YES;
				GCC_OPTIMIZATION_LEVEL = 0;
				GCC_PREPROCESSOR_DEFINITIONS = (
					"DEBUG=1",
					"$(inherited)",
				);
				GCC_WARN_64_TO_32_BIT_CONVERSION = YES;
				GCC_WARN_ABOUT_RETURN_TYPE = YES_ERROR;
				GCC_WARN_UNDECLARED_SELECTOR = YES;
				GCC_WARN_UNINITIALIZED_AUTOS = YES_AGGRESSIVE;
				GCC_WARN_UNUSED_FUNCTION = YES;
				GCC_WARN_UNUSED_VARIABLE = YES;
				IPHONEOS_DEPLOYMENT_TARGET = 12.1;
				MTL_ENABLE_DEBUG_INFO = INCLUDE_SOURCE;
				MTL_FAST_MATH = YES;
				ONLY_ACTIVE_ARCH = YES;
				SDKROOT = iphoneos;
				SWIFT_ACTIVE_COMPILATION_CONDITIONS = DEBUG;
				SWIFT_OPTIMIZATION_LEVEL = "-Onone";
			};
			name = Debug;
		};
		C9AEAD2D237904780042E476 /* Release */ = {
			isa = XCBuildConfiguration;
			buildSettings = {
				ALWAYS_SEARCH_USER_PATHS = NO;
				CLANG_ANALYZER_NONNULL = YES;
				CLANG_ANALYZER_NUMBER_OBJECT_CONVERSION = YES_AGGRESSIVE;
				CLANG_CXX_LANGUAGE_STANDARD = "gnu++14";
				CLANG_CXX_LIBRARY = "libc++";
				CLANG_ENABLE_MODULES = YES;
				CLANG_ENABLE_OBJC_ARC = YES;
				CLANG_ENABLE_OBJC_WEAK = YES;
				CLANG_WARN_BLOCK_CAPTURE_AUTORELEASING = YES;
				CLANG_WARN_BOOL_CONVERSION = YES;
				CLANG_WARN_COMMA = YES;
				CLANG_WARN_CONSTANT_CONVERSION = YES;
				CLANG_WARN_DEPRECATED_OBJC_IMPLEMENTATIONS = YES;
				CLANG_WARN_DIRECT_OBJC_ISA_USAGE = YES_ERROR;
				CLANG_WARN_DOCUMENTATION_COMMENTS = YES;
				CLANG_WARN_EMPTY_BODY = YES;
				CLANG_WARN_ENUM_CONVERSION = YES;
				CLANG_WARN_INFINITE_RECURSION = YES;
				CLANG_WARN_INT_CONVERSION = YES;
				CLANG_WARN_NON_LITERAL_NULL_CONVERSION = YES;
				CLANG_WARN_OBJC_IMPLICIT_RETAIN_SELF = YES;
				CLANG_WARN_OBJC_LITERAL_CONVERSION = YES;
				CLANG_WARN_OBJC_ROOT_CLASS = YES_ERROR;
				CLANG_WARN_RANGE_LOOP_ANALYSIS = YES;
				CLANG_WARN_STRICT_PROTOTYPES = YES;
				CLANG_WARN_SUSPICIOUS_MOVE = YES;
				CLANG_WARN_UNGUARDED_AVAILABILITY = YES_AGGRESSIVE;
				CLANG_WARN_UNREACHABLE_CODE = YES;
				CLANG_WARN__DUPLICATE_METHOD_MATCH = YES;
				CODE_SIGN_IDENTITY = "iPhone Developer";
				COPY_PHASE_STRIP = NO;
				DEBUG_INFORMATION_FORMAT = "dwarf-with-dsym";
				ENABLE_NS_ASSERTIONS = NO;
				ENABLE_STRICT_OBJC_MSGSEND = YES;
				GCC_C_LANGUAGE_STANDARD = gnu11;
				GCC_NO_COMMON_BLOCKS = YES;
				GCC_WARN_64_TO_32_BIT_CONVERSION = YES;
				GCC_WARN_ABOUT_RETURN_TYPE = YES_ERROR;
				GCC_WARN_UNDECLARED_SELECTOR = YES;
				GCC_WARN_UNINITIALIZED_AUTOS = YES_AGGRESSIVE;
				GCC_WARN_UNUSED_FUNCTION = YES;
				GCC_WARN_UNUSED_VARIABLE = YES;
				IPHONEOS_DEPLOYMENT_TARGET = 12.1;
				MTL_ENABLE_DEBUG_INFO = NO;
				MTL_FAST_MATH = YES;
				SDKROOT = iphoneos;
				SWIFT_COMPILATION_MODE = wholemodule;
				SWIFT_OPTIMIZATION_LEVEL = "-O";
				VALIDATE_PRODUCT = YES;
			};
			name = Release;
		};
		C9AEAD2F237904780042E476 /* Debug */ = {
			isa = XCBuildConfiguration;
			baseConfigurationReference = E80AFA47A99BEC97F66B1B86 /* Pods-FamilyLocator.debug.xcconfig */;
			buildSettings = {
				ASSETCATALOG_COMPILER_APPICON_NAME = AppIcon;
				CODE_SIGN_ENTITLEMENTS = FamilyLocator/FamilyLocator.entitlements;
				CODE_SIGN_STYLE = Automatic;
				DEVELOPMENT_TEAM = 8GXV5S47ZB;
				INFOPLIST_FILE = FamilyLocator/Info.plist;
				LD_RUNPATH_SEARCH_PATHS = (
					"$(inherited)",
					"@executable_path/Frameworks",
				);
				PRODUCT_BUNDLE_IDENTIFIER = com.aws.FamilyLocator;
				PRODUCT_NAME = "$(TARGET_NAME)";
				SWIFT_VERSION = 4.2;
				TARGETED_DEVICE_FAMILY = "1,2";
			};
			name = Debug;
		};
		C9AEAD30237904780042E476 /* Release */ = {
			isa = XCBuildConfiguration;
			baseConfigurationReference = 583034B3865313C5BEC1B031 /* Pods-FamilyLocator.release.xcconfig */;
			buildSettings = {
				ASSETCATALOG_COMPILER_APPICON_NAME = AppIcon;
				CODE_SIGN_ENTITLEMENTS = FamilyLocator/FamilyLocator.entitlements;
				CODE_SIGN_STYLE = Automatic;
				DEVELOPMENT_TEAM = 8GXV5S47ZB;
				INFOPLIST_FILE = FamilyLocator/Info.plist;
				LD_RUNPATH_SEARCH_PATHS = (
					"$(inherited)",
					"@executable_path/Frameworks",
				);
				PRODUCT_BUNDLE_IDENTIFIER = com.aws.FamilyLocator;
				PRODUCT_NAME = "$(TARGET_NAME)";
				SWIFT_VERSION = 4.2;
				TARGETED_DEVICE_FAMILY = "1,2";
			};
			name = Release;
		};
/* End XCBuildConfiguration section */

/* Begin XCConfigurationList section */
		C9AEAD17237904750042E476 /* Build configuration list for PBXProject "FamilyLocator" */ = {
			isa = XCConfigurationList;
			buildConfigurations = (
				C9AEAD2C237904780042E476 /* Debug */,
				C9AEAD2D237904780042E476 /* Release */,
			);
			defaultConfigurationIsVisible = 0;
			defaultConfigurationName = Release;
		};
		C9AEAD2E237904780042E476 /* Build configuration list for PBXNativeTarget "FamilyLocator" */ = {
			isa = XCConfigurationList;
			buildConfigurations = (
				C9AEAD2F237904780042E476 /* Debug */,
				C9AEAD30237904780042E476 /* Release */,
			);
			defaultConfigurationIsVisible = 0;
			defaultConfigurationName = Release;
		};
/* End XCConfigurationList section */
	};
	rootObject = C9AEAD14237904750042E476 /* Project object */;
}
